
Microsoft Visual Studio Solution File, Format Version 12.00
# Visual Studio Version 17
VisualStudioVersion = 17.5.33516.290
MinimumVisualStudioVersion = 10.0.40219.1
Project("{8BC9CEB8-8B4A-11D0-8D11-00A0C91BC942}") = "CalculatorProject", "CalculatorProject\CalculatorProject.vcxproj", "{892D5CCF-726A-474A-A54F-08656364782C}"
EndProject
Global
	GlobalSection(SolutionConfigurationPlatforms) = preSolution
		Debug|x64 = Debug|x64
		Debug|x86 = Debug|x86
		Release|x64 = Release|x64
		Release|x86 = Release|x86
	EndGlobalSection
	GlobalSection(ProjectConfigurationPlatforms) = postSolution
		{892D5CCF-726A-474A-A54F-08656364782C}.Debug|x64.ActiveCfg = Debug|x64
		{892D5CCF-726A-474A-A54F-08656364782C}.Debug|x64.Build.0 = Debug|x64
		{892D5CCF-726A-474A-A54F-08656364782C}.Debug|x86.ActiveCfg = Debug|Win32
		{892D5CCF-726A-474A-A54F-08656364782C}.Debug|x86.Build.0 = Debug|Win32
		{892D5CCF-726A-474A-A54F-08656364782C}.Release|x64.ActiveCfg = Release|x64
		{892D5CCF-726A-474A-A54F-08656364782C}.Release|x64.Build.0 = Release|x64
		{892D5CCF-726A-474A-A54F-08656364782C}.Release|x86.ActiveCfg = Release|Win32
		{892D5CCF-726A-474A-A54F-08656364782C}.Release|x86.Build.0 = Release|Win32
	EndGlobalSection
	GlobalSection(SolutionProperties) = preSolution
		HideSolutionNode = FALSE
	EndGlobalSection
	GlobalSection(ExtensibilityGlobals) = postSolution
		SolutionGuid = {9CCD30C8-132E-414B-81F1-4F65C18A944E}
	EndGlobalSection
EndGlobal
